<?xml version="1.0" encoding="utf-8"?>
<Project ToolsVersion="4.0" xmlns="http://schemas.microsoft.com/developer/msbuild/2003">
  <ItemGroup>
    <Filter Include="Source Files">
      <UniqueIdentifier>{4FC737F1-C7A5-4376-A066-2A32D752A2FF}</UniqueIdentifier>
      <Extensions>cpp;c;cc;cxx;def;odl;idl;hpj;bat;asm;asmx</Extensions>
    </Filter>
    <Filter Include="Header Files">
      <UniqueIdentifier>{93995380-89BD-4b04-88EB-625FBE52EBFB}</UniqueIdentifier>
      <Extensions>h;hh;hpp;hxx;hm;inl;inc;xsd</Extensions>
    </Filter>
    <Filter Include="Resource Files">
      <UniqueIdentifier>{67DA6AB6-F800-4c08-8B7A-83BB121AAD01}</UniqueIdentifier>
      <Extensions>rc;ico;cur;bmp;dlg;rc2;rct;bin;rgs;gif;jpg;jpeg;jpe;resx;tiff;tif;png;wav;mfcribbon-ms</Extensions>
    </Filter>
    <Filter Include="uWS">
      <UniqueIdentifier>{7f64f425-c934-49c9-a5e3-6a431c47bf12}</UniqueIdentifier>
    </Filter>
  </ItemGroup>
  <ItemGroup>
    <ClCompile Include="..\src\main.cpp">
      <Filter>Source Files</Filter>
    </ClCompile>
    <ClCompile Include="..\src\uWS\Extensions.cpp">
      <Filter>uWS</Filter>
    </ClCompile>
    <ClCompile Include="..\src\uWS\Group.cpp">
      <Filter>uWS</Filter>
    </ClCompile>
    <ClCompile Include="..\src\uWS\HTTPSocket.cpp">
      <Filter>uWS</Filter>
    </ClCompile>
    <ClCompile Include="..\src\uWS\Hub.cpp">
      <Filter>uWS</Filter>
    </ClCompile>
    <ClCompile Include="..\src\uWS\Networking.cpp">
      <Filter>uWS</Filter>
    </ClCompile>
    <ClCompile Include="..\src\uWS\Node.cpp">
      <Filter>uWS</Filter>
    </ClCompile>
    <ClCompile Include="..\src\uWS\Socket.cpp">
      <Filter>uWS</Filter>
    </ClCompile>
    <ClCompile Include="..\src\uWS\uUV.cpp">
      <Filter>uWS</Filter>
    </ClCompile>
    <ClCompile Include="..\src\uWS\WebSocket.cpp">
      <Filter>uWS</Filter>
    </ClCompile>
    <ClCompile Include="..\src\uWS\WebSocketImpl.cpp">
      <Filter>uWS</Filter>
    </ClCompile>
    <ClCompile Include="..\src\Vehicle.cpp">
      <Filter>Source Files</Filter>
    </ClCompile>
    <ClCompile Include="..\src\Trajectory.cpp">
      <Filter>Source Files</Filter>
    </ClCompile>
    <ClCompile Include="..\src\SensorFusion.cpp">
      <Filter>Source Files</Filter>
    </ClCompile>
    <ClCompile Include="..\src\TrajectoryPool.cpp">
      <Filter>Source Files</Filter>
    </ClCompile>
    <ClCompile Include="..\src\LaneChanging.cpp">
      <Filter>Source Files</Filter>
    </ClCompile>
    <ClCompile Include="..\src\Waypoints.cpp">
      <Filter>Source Files</Filter>
    </ClCompile>
    <ClCompile Include="..\src\PathPlanner.cpp">
      <Filter>Source Files</Filter>
    </ClCompile>
    <ClCompile Include="..\src\LaneKeeping.cpp">
      <Filter>Source Files</Filter>
    </ClCompile>
  </ItemGroup>
  <ItemGroup>
    <ClInclude Include="..\src\json.hpp">
      <Filter>Header Files</Filter>
    </ClInclude>
    <ClInclude Include="..\src\uWS\Extensions.h">
      <Filter>uWS</Filter>
    </ClInclude>
    <ClInclude Include="..\src\uWS\Group.h">
      <Filter>uWS</Filter>
    </ClInclude>
    <ClInclude Include="..\src\uWS\HTTPSocket.h">
      <Filter>uWS</Filter>
    </ClInclude>
    <ClInclude Include="..\src\uWS\Hub.h">
      <Filter>uWS</Filter>
    </ClInclude>
    <ClInclude Include="..\src\uWS\Networking.h">
      <Filter>uWS</Filter>
    </ClInclude>
    <ClInclude Include="..\src\uWS\Node.h">
      <Filter>uWS</Filter>
    </ClInclude>
    <ClInclude Include="..\src\uWS\Socket.h">
      <Filter>uWS</Filter>
    </ClInclude>
    <ClInclude Include="..\src\uWS\uUV.h">
      <Filter>uWS</Filter>
    </ClInclude>
    <ClInclude Include="..\src\uWS\uWS.h">
      <Filter>uWS</Filter>
    </ClInclude>
    <ClInclude Include="..\src\uWS\WebSocket.h">
      <Filter>uWS</Filter>
    </ClInclude>
    <ClInclude Include="..\src\uWS\WebSocketProtocol.h">
      <Filter>uWS</Filter>
    </ClInclude>
    <ClInclude Include="..\src\spline.h">
      <Filter>Header Files</Filter>
    </ClInclude>
    <ClInclude Include="..\src\Utils.hpp">
      <Filter>Header Files</Filter>
    </ClInclude>
    <ClInclude Include="..\src\Vehicle.h">
      <Filter>Header Files</Filter>
    </ClInclude>
    <ClInclude Include="..\src\Types.h">
      <Filter>Header Files</Filter>
    </ClInclude>
    <ClInclude Include="..\src\Trajectory.h">
      <Filter>Header Files</Filter>
    </ClInclude>
    <ClInclude Include="..\src\SensorFusion.h">
      <Filter>Header Files</Filter>
    </ClInclude>
    <ClInclude Include="..\src\TrajectoryPool.h">
      <Filter>Header Files</Filter>
    </ClInclude>
    <ClInclude Include="..\src\VehicleState.h">
      <Filter>Header Files</Filter>
    </ClInclude>
    <ClInclude Include="..\src\OtherVehicle.h">
      <Filter>Header Files</Filter>
    </ClInclude>
    <ClInclude Include="..\src\LaneChanging.h">
      <Filter>Header Files</Filter>
    </ClInclude>
    <ClInclude Include="..\src\Waypoints.h">
      <Filter>Header Files</Filter>
    </ClInclude>
    <ClInclude Include="..\src\PathPlanner.h">
      <Filter>Header Files</Filter>
    </ClInclude>
    <ClInclude Include="..\src\LaneKeeping.h">
      <Filter>Header Files</Filter>
    </ClInclude>
  </ItemGroup>
</Project>